{
  "nodes": {
    "flake-utils": {
      "locked": {
        "lastModified": 1644229661,
        "narHash": "sha256-1YdnJAsNy69bpcjuoKdOYQX0YxZBiCYZo4Twxerqv7k=",
        "owner": "numtide",
        "repo": "flake-utils",
        "rev": "3cecb5b042f7f209c56ffd8371b2711a290ec797",
        "type": "github"
      },
      "original": {
        "owner": "numtide",
        "repo": "flake-utils",
        "type": "github"
      }
    },
    "flake-utils_2": {
      "locked": {
        "lastModified": 1601282935,
        "narHash": "sha256-WQAFV6sGGQxrRs3a+/Yj9xUYvhTpukQJIcMbIi7LCJ4=",
        "owner": "numtide",
        "repo": "flake-utils",
        "rev": "588973065fce51f4763287f0fda87a174d78bf48",
        "type": "github"
      },
      "original": {
        "owner": "numtide",
        "repo": "flake-utils",
        "type": "github"
      }
    },
    "mach-nix": {
      "inputs": {
        "flake-utils": [
          "flake-utils"
        ],
        "nixpkgs": [
          "nixpkgs"
        ],
        "pypi-deps-db": [
          "pypi-deps-db"
        ]
      },
      "locked": {
        "lastModified": 1643953409,
        "narHash": "sha256-CJDg/RpZdUVyI3QIAXUqIoYDl7VkxFtNE4JWih0ucKc=",
        "owner": "DavHau",
        "repo": "mach-nix",
        "rev": "fe5255e6fd8df57e9507b7af82fc59dda9e9ff2b",
        "type": "github"
      },
      "original": {
        "owner": "DavHau",
        "ref": "3.4.0",
        "repo": "mach-nix",
        "type": "github"
      }
    },
    "nixpkgs": {
      "locked": {
        "lastModified": 1646824497,
        "narHash": "sha256-NrPZNkvxGRVPE5Rw840225idP1fB3wFxTVi9hjZVUYc=",
        "owner": "nixos",
        "repo": "nixpkgs",
        "rev": "9222b68380eb9195c7c87ca460fcb626d4e600ce",
        "type": "github"
      },
      "original": {
        "owner": "nixos",
        "repo": "nixpkgs",
        "type": "github"
      }
    },
    "nixpkgs_2": {
      "locked": {
        "lastModified": 1647800324,
        "narHash": "sha256-rjwoxrk16zfrcO5Torh6CbAd5GHsHrXw+EwxOvh9AUI=",
        "owner": "NixOS",
        "repo": "nixpkgs",
        "rev": "9bc841fec1c0e8b9772afa29f934d2c7ce57da8e",
        "type": "github"
      },
      "original": {
        "id": "nixpkgs",
        "ref": "nixos-unstable",
        "type": "indirect"
      }
    },
    "pypi-deps-db": {
      "inputs": {
        "flake-utils": "flake-utils_2",
        "nixpkgs": "nixpkgs_2",
        "pypi-deps-db": "pypi-deps-db_2"
      },
      "locked": {
        "lastModified": 1643953409,
        "narHash": "sha256-CJDg/RpZdUVyI3QIAXUqIoYDl7VkxFtNE4JWih0ucKc=",
        "owner": "DavHau",
        "repo": "mach-nix",
        "rev": "fe5255e6fd8df57e9507b7af82fc59dda9e9ff2b",
        "type": "github"
      },
      "original": {
        "owner": "DavHau",
        "ref": "3.4.0",
        "repo": "mach-nix",
        "type": "github"
      }
    },
    "pypi-deps-db_2": {
      "flake": false,
      "locked": {
        "lastModified": 1621672288,
        "narHash": "sha256-hUOZnSr1ZaTCOUlC8k946RyRjZsfN2w/9jzic0UKj58=",
        "owner": "DavHau",
        "repo": "pypi-deps-db",
        "rev": "19dc04a5c7412431a58a07ceecfe7b3ed3c164a5",
        "type": "github"
      },
      "original": {
        "owner": "DavHau",
        "repo": "pypi-deps-db",
        "type": "github"
      }
    },
    "root": {
      "inputs": {
        "flake-utils": "flake-utils",
        "mach-nix": "mach-nix",
        "nixpkgs": "nixpkgs",
        "pypi-deps-db": "pypi-deps-db"
      }
    }
  },
  "root": "root",
  "version": 7
}
